
Microsoft Visual Studio Solution File, Format Version 12.00
# Visual Studio Version 17
VisualStudioVersion = 17.13.35931.197 d17.13
MinimumVisualStudioVersion = 10.0.40219.1
Project("{FAE04EC0-301F-11D3-BF4B-00C04F79EFBC}") = "Lab3MethodsGrades", "Lab3MethodsGrades\Lab3MethodsGrades.csproj", "{A7A2CF5C-29F1-4EC2-9F54-E420636A7FF3}"
EndProject
Global
	GlobalSection(SolutionConfigurationPlatforms) = preSolution
		Debug|Any CPU = Debug|Any CPU
		Release|Any CPU = Release|Any CPU
	EndGlobalSection
	GlobalSection(ProjectConfigurationPlatforms) = postSolution
		{A7A2CF5C-29F1-4EC2-9F54-E420636A7FF3}.Debug|Any CPU.ActiveCfg = Debug|Any CPU
		{A7A2CF5C-29F1-4EC2-9F54-E420636A7FF3}.Debug|Any CPU.Build.0 = Debug|Any CPU
		{A7A2CF5C-29F1-4EC2-9F54-E420636A7FF3}.Release|Any CPU.ActiveCfg = Release|Any CPU
		{A7A2CF5C-29F1-4EC2-9F54-E420636A7FF3}.Release|Any CPU.Build.0 = Release|Any CPU
	EndGlobalSection
	GlobalSection(SolutionProperties) = preSolution
		HideSolutionNode = FALSE
	EndGlobalSection
	GlobalSection(ExtensibilityGlobals) = postSolution
		SolutionGuid = {01CF2D01-9FBB-4D79-AAEE-75E0991E1B51}
	EndGlobalSection
EndGlobal
